github.com/emersion/go-autostart v0.0.0-20210130080809-00ed301c8e9a h1:M88ob4TyDnEqNuL3PgsE/p3bDujfspnulR+0dQWNYZs=
github.com/emersion/go-autostart v0.0.0-20210130080809-00ed301c8e9a/go.mod h1:buzQsO8HHkZX2Q45fdfGH1xejPjuDQaXH8btcYMFzPM=
gopkg.in/check.v1 v0.0.0-20161208181325-20d25e280405/go.mod h1:Co6ibVJAznAaIkqp8huTwlJQCZ016jof/cbN4VW5Yz0=
gopkg.in/yaml.v3 v3.0.1 h1:fxVm/GzAzEWqLHuvctI91KS9hhNmmWOoWu0XTYJS7CA=
gopkg.in/yaml.v3 v3.0.1/go.mod h1:K4uyk7z7BCEPqu6E+C64Yfv1cQ7kz7rIZviUmN+EgEM=
